PODS:
  - FlutterMacOS (1.0.0)
  - rust_lib_app_desktop (0.0.1):
    - FlutterMacOS

DEPENDENCIES:
  - FlutterMacOS (from `Flutter/ephemeral`)
  - rust_lib_app_desktop (from `Flutter/ephemeral/.symlinks/plugins/rust_lib_app_desktop/macos`)

EXTERNAL SOURCES:
  FlutterMacOS:
    :path: Flutter/ephemeral
  rust_lib_app_desktop:
    :path: Flutter/ephemeral/.symlinks/plugins/rust_lib_app_desktop/macos

SPEC CHECKSUMS:
  FlutterMacOS: d0db08ddef1a9af05a5ec4b724367152bb0500b1
  rust_lib_app_desktop: 8454e4686526c4310d9b7ebf8cff604311f40498

PODFILE CHECKSUM: 54d867c82ac51cbd61b565781b9fada492027009

COCOAPODS: 1.15.2
